
Microsoft Visual Studio Solution File, Format Version 12.00
# Visual Studio 15
Project("{FAE04EC0-301F-11D3-BF4B-00C04F79EFBC}") = "Assembly-CSharp", "Assembly-CSharp.csproj", "{243203A1-5AD4-E8A5-7E15-6050922160C0}"
EndProject
Project("{FAE04EC0-301F-11D3-BF4B-00C04F79EFBC}") = "MapTileGridCreator", "MapTileGridCreator.csproj", "{FDB29E01-1254-C2F4-4D9D-AEF6793C4B7F}"
EndProject
Project("{FAE04EC0-301F-11D3-BF4B-00C04F79EFBC}") = "Assembly-CSharp-firstpass", "Assembly-CSharp-firstpass.csproj", "{654D708A-BDEF-6ED4-29FF-21870040998C}"
EndProject
Project("{FAE04EC0-301F-11D3-BF4B-00C04F79EFBC}") = "MapTileGridCreatorEditor", "MapTileGridCreatorEditor.csproj", "{31401A46-6CCB-435D-060A-BE6C0D5C4D39}"
EndProject
Project("{FAE04EC0-301F-11D3-BF4B-00C04F79EFBC}") = "Assembly-CSharp-Editor-firstpass", "Assembly-CSharp-Editor-firstpass.csproj", "{440EEF33-CEF9-6919-674A-5E93CEED2641}"
EndProject
Global
	GlobalSection(SolutionConfigurationPlatforms) = preSolution
		Debug|Any CPU = Debug|Any CPU
		Release|Any CPU = Release|Any CPU
	EndGlobalSection
	GlobalSection(ProjectConfigurationPlatforms) = postSolution
		{243203A1-5AD4-E8A5-7E15-6050922160C0}.Debug|Any CPU.ActiveCfg = Debug|Any CPU
		{243203A1-5AD4-E8A5-7E15-6050922160C0}.Debug|Any CPU.Build.0 = Debug|Any CPU
		{243203A1-5AD4-E8A5-7E15-6050922160C0}.Release|Any CPU.ActiveCfg = Release|Any CPU
		{243203A1-5AD4-E8A5-7E15-6050922160C0}.Release|Any CPU.Build.0 = Release|Any CPU
		{FDB29E01-1254-C2F4-4D9D-AEF6793C4B7F}.Debug|Any CPU.ActiveCfg = Debug|Any CPU
		{FDB29E01-1254-C2F4-4D9D-AEF6793C4B7F}.Debug|Any CPU.Build.0 = Debug|Any CPU
		{FDB29E01-1254-C2F4-4D9D-AEF6793C4B7F}.Release|Any CPU.ActiveCfg = Release|Any CPU
		{FDB29E01-1254-C2F4-4D9D-AEF6793C4B7F}.Release|Any CPU.Build.0 = Release|Any CPU
		{654D708A-BDEF-6ED4-29FF-21870040998C}.Debug|Any CPU.ActiveCfg = Debug|Any CPU
		{654D708A-BDEF-6ED4-29FF-21870040998C}.Debug|Any CPU.Build.0 = Debug|Any CPU
		{654D708A-BDEF-6ED4-29FF-21870040998C}.Release|Any CPU.ActiveCfg = Release|Any CPU
		{654D708A-BDEF-6ED4-29FF-21870040998C}.Release|Any CPU.Build.0 = Release|Any CPU
		{31401A46-6CCB-435D-060A-BE6C0D5C4D39}.Debug|Any CPU.ActiveCfg = Debug|Any CPU
		{31401A46-6CCB-435D-060A-BE6C0D5C4D39}.Debug|Any CPU.Build.0 = Debug|Any CPU
		{31401A46-6CCB-435D-060A-BE6C0D5C4D39}.Release|Any CPU.ActiveCfg = Release|Any CPU
		{31401A46-6CCB-435D-060A-BE6C0D5C4D39}.Release|Any CPU.Build.0 = Release|Any CPU
		{440EEF33-CEF9-6919-674A-5E93CEED2641}.Debug|Any CPU.ActiveCfg = Debug|Any CPU
		{440EEF33-CEF9-6919-674A-5E93CEED2641}.Debug|Any CPU.Build.0 = Debug|Any CPU
		{440EEF33-CEF9-6919-674A-5E93CEED2641}.Release|Any CPU.ActiveCfg = Release|Any CPU
		{440EEF33-CEF9-6919-674A-5E93CEED2641}.Release|Any CPU.Build.0 = Release|Any CPU
	EndGlobalSection
	GlobalSection(SolutionProperties) = preSolution
		HideSolutionNode = FALSE
	EndGlobalSection
EndGlobal
